
Microsoft Visual Studio Solution File, Format Version 12.00
# Visual Studio Version 17
VisualStudioVersion = 17.8.34511.84
MinimumVisualStudioVersion = 10.0.40219.1
Project("{FAE04EC0-301F-11D3-BF4B-00C04F79EFBC}") = "Test2", "Test2\Test2.csproj", "{D2CE142F-6100-480F-AAFB-60B98A32A310}"
EndProject
Global
	GlobalSection(SolutionConfigurationPlatforms) = preSolution
		Debug|Any CPU = Debug|Any CPU
		Release|Any CPU = Release|Any CPU
	EndGlobalSection
	GlobalSection(ProjectConfigurationPlatforms) = postSolution
		{D2CE142F-6100-480F-AAFB-60B98A32A310}.Debug|Any CPU.ActiveCfg = Debug|Any CPU
		{D2CE142F-6100-480F-AAFB-60B98A32A310}.Debug|Any CPU.Build.0 = Debug|Any CPU
		{D2CE142F-6100-480F-AAFB-60B98A32A310}.Release|Any CPU.ActiveCfg = Release|Any CPU
		{D2CE142F-6100-480F-AAFB-60B98A32A310}.Release|Any CPU.Build.0 = Release|Any CPU
	EndGlobalSection
	GlobalSection(SolutionProperties) = preSolution
		HideSolutionNode = FALSE
	EndGlobalSection
	GlobalSection(ExtensibilityGlobals) = postSolution
		SolutionGuid = {04BD2853-FE9A-432D-B36F-D19CC5EEBB96}
	EndGlobalSection
EndGlobal
